
Microsoft Visual Studio Solution File, Format Version 12.00
# Visual Studio 15
VisualStudioVersion = 15.0.28307.572
MinimumVisualStudioVersion = 10.0.40219.1
Project("{FAE04EC0-301F-11D3-BF4B-00C04F79EFBC}") = "FTP_Upload_Download", "FTP_Upload_Download\FTP_Upload_Download.csproj", "{CA2BFD0B-7A46-433B-A963-EF0D99E3BC70}"
EndProject
Global
	GlobalSection(SolutionConfigurationPlatforms) = preSolution
		Debug|Any CPU = Debug|Any CPU
		Release|Any CPU = Release|Any CPU
	EndGlobalSection
	GlobalSection(ProjectConfigurationPlatforms) = postSolution
		{CA2BFD0B-7A46-433B-A963-EF0D99E3BC70}.Debug|Any CPU.ActiveCfg = Debug|Any CPU
		{CA2BFD0B-7A46-433B-A963-EF0D99E3BC70}.Debug|Any CPU.Build.0 = Debug|Any CPU
		{CA2BFD0B-7A46-433B-A963-EF0D99E3BC70}.Release|Any CPU.ActiveCfg = Release|Any CPU
		{CA2BFD0B-7A46-433B-A963-EF0D99E3BC70}.Release|Any CPU.Build.0 = Release|Any CPU
	EndGlobalSection
	GlobalSection(SolutionProperties) = preSolution
		HideSolutionNode = FALSE
	EndGlobalSection
	GlobalSection(ExtensibilityGlobals) = postSolution
		SolutionGuid = {0CB45205-CAD0-408B-9006-3986247A2E7A}
	EndGlobalSection
EndGlobal
